// !$*UTF8*$!
{
	archiveVersion = 1;
	classes = {
	};
	objectVersion = 56;
	objects = {

/* Begin PBXBuildFile section */
		531274B32AC9C21200740D1D /* ImagePicker.swift in Sources */ = {isa = PBXBuildFile; fileRef = 531274B22AC9C21200740D1D /* ImagePicker.swift */; };
		531274B72ACA45A500740D1D /* ActivityIndicator.swift in Sources */ = {isa = PBXBuildFile; fileRef = 531274B62ACA45A500740D1D /* ActivityIndicator.swift */; };
		531274B92ACA45CC00740D1D /* ListingRowView.swift in Sources */ = {isa = PBXBuildFile; fileRef = 531274B82ACA45CC00740D1D /* ListingRowView.swift */; };
		531274BC2ACA6F3900740D1D /* Factory in Frameworks */ = {isa = PBXBuildFile; productRef = 531274BB2ACA6F3900740D1D /* Factory */; };
		531274BF2ACA719100740D1D /* ViewModelContainer.swift in Sources */ = {isa = PBXBuildFile; fileRef = 531274BE2ACA719100740D1D /* ViewModelContainer.swift */; };
		531274C22ACA871A00740D1D /* NavigationCoordinator.swift in Sources */ = {isa = PBXBuildFile; fileRef = 531274C12ACA871A00740D1D /* NavigationCoordinator.swift */; };
		534B736A2AC3BD6A0048AC28 /* AppListingApp.swift in Sources */ = {isa = PBXBuildFile; fileRef = 534B73692AC3BD6A0048AC28 /* AppListingApp.swift */; };
		534B736C2AC3BD6A0048AC28 /* ContentView.swift in Sources */ = {isa = PBXBuildFile; fileRef = 534B736B2AC3BD6A0048AC28 /* ContentView.swift */; };
		534B736E2AC3BD6A0048AC28 /* Item.swift in Sources */ = {isa = PBXBuildFile; fileRef = 534B736D2AC3BD6A0048AC28 /* Item.swift */; };
		534B73702AC3BD6C0048AC28 /* Assets.xcassets in Resources */ = {isa = PBXBuildFile; fileRef = 534B736F2AC3BD6C0048AC28 /* Assets.xcassets */; };
		534B73732AC3BD6C0048AC28 /* Preview Assets.xcassets in Resources */ = {isa = PBXBuildFile; fileRef = 534B73722AC3BD6C0048AC28 /* Preview Assets.xcassets */; };
		534B737D2AC3BD6C0048AC28 /* AppListingTests.swift in Sources */ = {isa = PBXBuildFile; fileRef = 534B737C2AC3BD6C0048AC28 /* AppListingTests.swift */; };
		534B73872AC3BD6C0048AC28 /* AppListingUITests.swift in Sources */ = {isa = PBXBuildFile; fileRef = 534B73862AC3BD6C0048AC28 /* AppListingUITests.swift */; };
		534B73892AC3BD6C0048AC28 /* AppListingUITestsLaunchTests.swift in Sources */ = {isa = PBXBuildFile; fileRef = 534B73882AC3BD6C0048AC28 /* AppListingUITestsLaunchTests.swift */; };
		534B73A92AC400CB0048AC28 /* RegistrationView.swift in Sources */ = {isa = PBXBuildFile; fileRef = 534B73A82AC400CB0048AC28 /* RegistrationView.swift */; };
		534B73C62AC412D40048AC28 /* ValidationResult.swift in Sources */ = {isa = PBXBuildFile; fileRef = 534B73C52AC412D40048AC28 /* ValidationResult.swift */; };
		534B73CB2AC413120048AC28 /* ValidationResult.swift in Sources */ = {isa = PBXBuildFile; fileRef = 534B73C52AC412D40048AC28 /* ValidationResult.swift */; };
		534B73D82AC428DC0048AC28 /* UserDataSource.swift in Sources */ = {isa = PBXBuildFile; fileRef = 534B73D72AC428DC0048AC28 /* UserDataSource.swift */; };
		534B73DB2AC429240048AC28 /* User.swift in Sources */ = {isa = PBXBuildFile; fileRef = 534B73DA2AC429240048AC28 /* User.swift */; };
		534B73E32AC4FB280048AC28 /* UserRegistrationUseCase.swift in Sources */ = {isa = PBXBuildFile; fileRef = 534B73E22AC4FB280048AC28 /* UserRegistrationUseCase.swift */; };
		534B73E52AC4FBD80048AC28 /* UseCaseProvider.swift in Sources */ = {isa = PBXBuildFile; fileRef = 534B73E42AC4FBD80048AC28 /* UseCaseProvider.swift */; };
		534B73EF2AC51A180048AC28 /* UserRepositoryImpl.swift in Sources */ = {isa = PBXBuildFile; fileRef = 534B73EE2AC51A180048AC28 /* UserRepositoryImpl.swift */; };
		534B73F02AC51A180048AC28 /* UserRepositoryImpl.swift in Sources */ = {isa = PBXBuildFile; fileRef = 534B73EE2AC51A180048AC28 /* UserRepositoryImpl.swift */; };
		534B73F32AC51AEA0048AC28 /* UserRepository.swift in Sources */ = {isa = PBXBuildFile; fileRef = 534B73F22AC51AEA0048AC28 /* UserRepository.swift */; };
		534B73F42AC51AEA0048AC28 /* UserRepository.swift in Sources */ = {isa = PBXBuildFile; fileRef = 534B73F22AC51AEA0048AC28 /* UserRepository.swift */; };
		534B73F52AC51BCD0048AC28 /* User.swift in Sources */ = {isa = PBXBuildFile; fileRef = 534B73DA2AC429240048AC28 /* User.swift */; };
		534B73F92AC5467F0048AC28 /* SecureStorageDatasource.swift in Sources */ = {isa = PBXBuildFile; fileRef = 534B73F82AC5467F0048AC28 /* SecureStorageDatasource.swift */; };
		534B73FA2AC5467F0048AC28 /* SecureStorageDatasource.swift in Sources */ = {isa = PBXBuildFile; fileRef = 534B73F82AC5467F0048AC28 /* SecureStorageDatasource.swift */; };
		534B73FB2AC54B510048AC28 /* UserDataSource.swift in Sources */ = {isa = PBXBuildFile; fileRef = 534B73D72AC428DC0048AC28 /* UserDataSource.swift */; };
		534B73FD2AC54BA10048AC28 /* KeyChainManager.swift in Sources */ = {isa = PBXBuildFile; fileRef = 534B73FC2AC54BA10048AC28 /* KeyChainManager.swift */; };
		534B73FE2AC54BA10048AC28 /* KeyChainManager.swift in Sources */ = {isa = PBXBuildFile; fileRef = 534B73FC2AC54BA10048AC28 /* KeyChainManager.swift */; };
		534B74082AC55FE10048AC28 /* UserRegistrationUseCase.swift in Sources */ = {isa = PBXBuildFile; fileRef = 534B73E22AC4FB280048AC28 /* UserRegistrationUseCase.swift */; };
		534B740B2AC628A40048AC28 /* UserSecureStorage.swift in Sources */ = {isa = PBXBuildFile; fileRef = 534B740A2AC628A40048AC28 /* UserSecureStorage.swift */; };
		534B740C2AC628A40048AC28 /* UserSecureStorage.swift in Sources */ = {isa = PBXBuildFile; fileRef = 534B740A2AC628A40048AC28 /* UserSecureStorage.swift */; };
		534B740E2AC638B30048AC28 /* DomainConvertible.swift in Sources */ = {isa = PBXBuildFile; fileRef = 534B740D2AC638B30048AC28 /* DomainConvertible.swift */; };
		534B740F2AC638B30048AC28 /* DomainConvertible.swift in Sources */ = {isa = PBXBuildFile; fileRef = 534B740D2AC638B30048AC28 /* DomainConvertible.swift */; };
		534B74112AC6398D0048AC28 /* SecureStorageConvertible.swift in Sources */ = {isa = PBXBuildFile; fileRef = 534B74102AC6398D0048AC28 /* SecureStorageConvertible.swift */; };
		534B74122AC6398D0048AC28 /* SecureStorageConvertible.swift in Sources */ = {isa = PBXBuildFile; fileRef = 534B74102AC6398D0048AC28 /* SecureStorageConvertible.swift */; };
		534B741C2AC6B13E0048AC28 /* Quick in Frameworks */ = {isa = PBXBuildFile; productRef = 534B741B2AC6B13E0048AC28 /* Quick */; };
		534B741F2AC6B1690048AC28 /* Nimble in Frameworks */ = {isa = PBXBuildFile; productRef = 534B741E2AC6B1690048AC28 /* Nimble */; };
		534B74242AC7C2DD0048AC28 /* FieldValidationUseCase.swift in Sources */ = {isa = PBXBuildFile; fileRef = 534B74232AC7C2DD0048AC28 /* FieldValidationUseCase.swift */; };
		534B74252AC7C2DD0048AC28 /* FieldValidationUseCase.swift in Sources */ = {isa = PBXBuildFile; fileRef = 534B74232AC7C2DD0048AC28 /* FieldValidationUseCase.swift */; };
		534B74292AC7D1FF0048AC28 /* RegistrationViewModel.swift in Sources */ = {isa = PBXBuildFile; fileRef = 534B74282AC7D1FF0048AC28 /* RegistrationViewModel.swift */; };
		534B742A2AC7D1FF0048AC28 /* RegistrationViewModel.swift in Sources */ = {isa = PBXBuildFile; fileRef = 534B74282AC7D1FF0048AC28 /* RegistrationViewModel.swift */; };
		534B742D2AC7FA940048AC28 /* RegistrationError.swift in Sources */ = {isa = PBXBuildFile; fileRef = 534B742C2AC7FA940048AC28 /* RegistrationError.swift */; };
		534B742E2AC7FA940048AC28 /* RegistrationError.swift in Sources */ = {isa = PBXBuildFile; fileRef = 534B742C2AC7FA940048AC28 /* RegistrationError.swift */; };
		534B74302AC7FAC60048AC28 /* UserValidationError.swift in Sources */ = {isa = PBXBuildFile; fileRef = 534B742F2AC7FAC60048AC28 /* UserValidationError.swift */; };
		534B74312AC7FAC60048AC28 /* UserValidationError.swift in Sources */ = {isa = PBXBuildFile; fileRef = 534B742F2AC7FAC60048AC28 /* UserValidationError.swift */; };
		534B74372AC887A20048AC28 /* LoginView.swift in Sources */ = {isa = PBXBuildFile; fileRef = 534B74362AC887A20048AC28 /* LoginView.swift */; };
		534B74392AC887AD0048AC28 /* LoginViewModel.swift in Sources */ = {isa = PBXBuildFile; fileRef = 534B74382AC887AD0048AC28 /* LoginViewModel.swift */; };
		534B743B2AC8EFAF0048AC28 /* UserLoginUseCase.swift in Sources */ = {isa = PBXBuildFile; fileRef = 534B743A2AC8EFAF0048AC28 /* UserLoginUseCase.swift */; };
		534B743D2AC8F0890048AC28 /* LoginError.swift in Sources */ = {isa = PBXBuildFile; fileRef = 534B743C2AC8F0890048AC28 /* LoginError.swift */; };
		534B74412AC91D540048AC28 /* String+Extension.swift in Sources */ = {isa = PBXBuildFile; fileRef = 534B74402AC91D540048AC28 /* String+Extension.swift */; };
		53F9821A2AC93E52001B0E58 /* EntryField.swift in Sources */ = {isa = PBXBuildFile; fileRef = 53F982192AC93E52001B0E58 /* EntryField.swift */; };
		53F9821C2AC93E69001B0E58 /* SecureEntryField.swift in Sources */ = {isa = PBXBuildFile; fileRef = 53F9821B2AC93E69001B0E58 /* SecureEntryField.swift */; };
		53F9821E2AC93E8C001B0E58 /* ResponsiveView.swift in Sources */ = {isa = PBXBuildFile; fileRef = 53F9821D2AC93E8C001B0E58 /* ResponsiveView.swift */; };
		53F982212AC9715A001B0E58 /* ListingView.swift in Sources */ = {isa = PBXBuildFile; fileRef = 53F982202AC9715A001B0E58 /* ListingView.swift */; };
		53F982232AC9740C001B0E58 /* APIManager.swift in Sources */ = {isa = PBXBuildFile; fileRef = 53F982222AC9740C001B0E58 /* APIManager.swift */; };
		53F982262AC9778B001B0E58 /* NetworkError.swift in Sources */ = {isa = PBXBuildFile; fileRef = 53F982252AC9778B001B0E58 /* NetworkError.swift */; };
		53F9822C2AC982CF001B0E58 /* ConfigurationManager.swift in Sources */ = {isa = PBXBuildFile; fileRef = 53F9822B2AC982CF001B0E58 /* ConfigurationManager.swift */; };
		53F9822E2AC98690001B0E58 /* UserRepositoryAPIImpl.swift in Sources */ = {isa = PBXBuildFile; fileRef = 53F9822D2AC98690001B0E58 /* UserRepositoryAPIImpl.swift */; };
		53F982302AC986C6001B0E58 /* UserAPIRepository.swift in Sources */ = {isa = PBXBuildFile; fileRef = 53F9822F2AC986C6001B0E58 /* UserAPIRepository.swift */; };
		53F982322AC98716001B0E58 /* UserAPIDataSource.swift in Sources */ = {isa = PBXBuildFile; fileRef = 53F982312AC98716001B0E58 /* UserAPIDataSource.swift */; };
		53F982352AC987BF001B0E58 /* ListDummyUserUseCase.swift in Sources */ = {isa = PBXBuildFile; fileRef = 53F982342AC987BF001B0E58 /* ListDummyUserUseCase.swift */; };
		53F982392AC98A72001B0E58 /* APIDatasource.swift in Sources */ = {isa = PBXBuildFile; fileRef = 53F982382AC98A72001B0E58 /* APIDatasource.swift */; };
		53F9823B2AC98B13001B0E58 /* UserAPI.swift in Sources */ = {isa = PBXBuildFile; fileRef = 53F9823A2AC98B13001B0E58 /* UserAPI.swift */; };
		53F9823D2AC98B86001B0E58 /* DummyUser.swift in Sources */ = {isa = PBXBuildFile; fileRef = 53F9823C2AC98B86001B0E58 /* DummyUser.swift */; };
		53F9823F2AC98F83001B0E58 /* UserAPIResponse.swift in Sources */ = {isa = PBXBuildFile; fileRef = 53F9823E2AC98F83001B0E58 /* UserAPIResponse.swift */; };
		53F982412AC993CB001B0E58 /* DummyUserPage.swift in Sources */ = {isa = PBXBuildFile; fileRef = 53F982402AC993CB001B0E58 /* DummyUserPage.swift */; };
		53F982452AC99611001B0E58 /* ListingViewModel.swift in Sources */ = {isa = PBXBuildFile; fileRef = 53F982442AC99611001B0E58 /* ListingViewModel.swift */; };
		53F982482AC9AA33001B0E58 /* Kingfisher in Frameworks */ = {isa = PBXBuildFile; productRef = 53F982472AC9AA33001B0E58 /* Kingfisher */; };
/* End PBXBuildFile section */

/* Begin PBXContainerItemProxy section */
		534B73792AC3BD6C0048AC28 /* PBXContainerItemProxy */ = {
			isa = PBXContainerItemProxy;
			containerPortal = 534B735E2AC3BD6A0048AC28 /* Project object */;
			proxyType = 1;
			remoteGlobalIDString = 534B73652AC3BD6A0048AC28;
			remoteInfo = AppListing;
		};
		534B73832AC3BD6C0048AC28 /* PBXContainerItemProxy */ = {
			isa = PBXContainerItemProxy;
			containerPortal = 534B735E2AC3BD6A0048AC28 /* Project object */;
			proxyType = 1;
			remoteGlobalIDString = 534B73652AC3BD6A0048AC28;
			remoteInfo = AppListing;
		};
/* End PBXContainerItemProxy section */

/* Begin PBXFileReference section */
		531274B22AC9C21200740D1D /* ImagePicker.swift */ = {isa = PBXFileReference; lastKnownFileType = sourcecode.swift; path = ImagePicker.swift; sourceTree = "<group>"; };
		531274B62ACA45A500740D1D /* ActivityIndicator.swift */ = {isa = PBXFileReference; lastKnownFileType = sourcecode.swift; path = ActivityIndicator.swift; sourceTree = "<group>"; };
		531274B82ACA45CC00740D1D /* ListingRowView.swift */ = {isa = PBXFileReference; lastKnownFileType = sourcecode.swift; path = ListingRowView.swift; sourceTree = "<group>"; };
		531274BE2ACA719100740D1D /* ViewModelContainer.swift */ = {isa = PBXFileReference; lastKnownFileType = sourcecode.swift; path = ViewModelContainer.swift; sourceTree = "<group>"; };
		531274C12ACA871A00740D1D /* NavigationCoordinator.swift */ = {isa = PBXFileReference; lastKnownFileType = sourcecode.swift; path = NavigationCoordinator.swift; sourceTree = "<group>"; };
		534B73662AC3BD6A0048AC28 /* AppListing.app */ = {isa = PBXFileReference; explicitFileType = wrapper.application; includeInIndex = 0; path = AppListing.app; sourceTree = BUILT_PRODUCTS_DIR; };
		534B73692AC3BD6A0048AC28 /* AppListingApp.swift */ = {isa = PBXFileReference; lastKnownFileType = sourcecode.swift; path = AppListingApp.swift; sourceTree = "<group>"; };
		534B736B2AC3BD6A0048AC28 /* ContentView.swift */ = {isa = PBXFileReference; lastKnownFileType = sourcecode.swift; path = ContentView.swift; sourceTree = "<group>"; };
		534B736D2AC3BD6A0048AC28 /* Item.swift */ = {isa = PBXFileReference; lastKnownFileType = sourcecode.swift; path = Item.swift; sourceTree = "<group>"; };
		534B736F2AC3BD6C0048AC28 /* Assets.xcassets */ = {isa = PBXFileReference; lastKnownFileType = folder.assetcatalog; path = Assets.xcassets; sourceTree = "<group>"; };
		534B73722AC3BD6C0048AC28 /* Preview Assets.xcassets */ = {isa = PBXFileReference; lastKnownFileType = folder.assetcatalog; path = "Preview Assets.xcassets"; sourceTree = "<group>"; };
		534B73782AC3BD6C0048AC28 /* AppListingTests.xctest */ = {isa = PBXFileReference; explicitFileType = wrapper.cfbundle; includeInIndex = 0; path = AppListingTests.xctest; sourceTree = BUILT_PRODUCTS_DIR; };
		534B737C2AC3BD6C0048AC28 /* AppListingTests.swift */ = {isa = PBXFileReference; lastKnownFileType = sourcecode.swift; path = AppListingTests.swift; sourceTree = "<group>"; };
		534B73822AC3BD6C0048AC28 /* AppListingUITests.xctest */ = {isa = PBXFileReference; explicitFileType = wrapper.cfbundle; includeInIndex = 0; path = AppListingUITests.xctest; sourceTree = BUILT_PRODUCTS_DIR; };
		534B73862AC3BD6C0048AC28 /* AppListingUITests.swift */ = {isa = PBXFileReference; lastKnownFileType = sourcecode.swift; path = AppListingUITests.swift; sourceTree = "<group>"; };
		534B73882AC3BD6C0048AC28 /* AppListingUITestsLaunchTests.swift */ = {isa = PBXFileReference; lastKnownFileType = sourcecode.swift; path = AppListingUITestsLaunchTests.swift; sourceTree = "<group>"; };
		534B73A82AC400CB0048AC28 /* RegistrationView.swift */ = {isa = PBXFileReference; lastKnownFileType = sourcecode.swift; path = RegistrationView.swift; sourceTree = "<group>"; };
		534B73C52AC412D40048AC28 /* ValidationResult.swift */ = {isa = PBXFileReference; lastKnownFileType = sourcecode.swift; path = ValidationResult.swift; sourceTree = "<group>"; };
		534B73D72AC428DC0048AC28 /* UserDataSource.swift */ = {isa = PBXFileReference; lastKnownFileType = sourcecode.swift; path = UserDataSource.swift; sourceTree = "<group>"; };
		534B73DA2AC429240048AC28 /* User.swift */ = {isa = PBXFileReference; lastKnownFileType = sourcecode.swift; path = User.swift; sourceTree = "<group>"; };
		534B73E22AC4FB280048AC28 /* UserRegistrationUseCase.swift */ = {isa = PBXFileReference; lastKnownFileType = sourcecode.swift; path = UserRegistrationUseCase.swift; sourceTree = "<group>"; };
		534B73E42AC4FBD80048AC28 /* UseCaseProvider.swift */ = {isa = PBXFileReference; lastKnownFileType = sourcecode.swift; path = UseCaseProvider.swift; sourceTree = "<group>"; };
		534B73EE2AC51A180048AC28 /* UserRepositoryImpl.swift */ = {isa = PBXFileReference; lastKnownFileType = sourcecode.swift; path = UserRepositoryImpl.swift; sourceTree = "<group>"; };
		534B73F22AC51AEA0048AC28 /* UserRepository.swift */ = {isa = PBXFileReference; lastKnownFileType = sourcecode.swift; path = UserRepository.swift; sourceTree = "<group>"; };
		534B73F82AC5467F0048AC28 /* SecureStorageDatasource.swift */ = {isa = PBXFileReference; lastKnownFileType = sourcecode.swift; path = SecureStorageDatasource.swift; sourceTree = "<group>"; };
		534B73FC2AC54BA10048AC28 /* KeyChainManager.swift */ = {isa = PBXFileReference; lastKnownFileType = sourcecode.swift; path = KeyChainManager.swift; sourceTree = "<group>"; };
		534B740A2AC628A40048AC28 /* UserSecureStorage.swift */ = {isa = PBXFileReference; lastKnownFileType = sourcecode.swift; path = UserSecureStorage.swift; sourceTree = "<group>"; };
		534B740D2AC638B30048AC28 /* DomainConvertible.swift */ = {isa = PBXFileReference; lastKnownFileType = sourcecode.swift; path = DomainConvertible.swift; sourceTree = "<group>"; };
		534B74102AC6398D0048AC28 /* SecureStorageConvertible.swift */ = {isa = PBXFileReference; lastKnownFileType = sourcecode.swift; path = SecureStorageConvertible.swift; sourceTree = "<group>"; };
		534B74232AC7C2DD0048AC28 /* FieldValidationUseCase.swift */ = {isa = PBXFileReference; lastKnownFileType = sourcecode.swift; path = FieldValidationUseCase.swift; sourceTree = "<group>"; };
		534B74282AC7D1FF0048AC28 /* RegistrationViewModel.swift */ = {isa = PBXFileReference; lastKnownFileType = sourcecode.swift; path = RegistrationViewModel.swift; sourceTree = "<group>"; };
		534B742C2AC7FA940048AC28 /* RegistrationError.swift */ = {isa = PBXFileReference; lastKnownFileType = sourcecode.swift; path = RegistrationError.swift; sourceTree = "<group>"; };
		534B742F2AC7FAC60048AC28 /* UserValidationError.swift */ = {isa = PBXFileReference; lastKnownFileType = sourcecode.swift; path = UserValidationError.swift; sourceTree = "<group>"; };
		534B74362AC887A20048AC28 /* LoginView.swift */ = {isa = PBXFileReference; lastKnownFileType = sourcecode.swift; path = LoginView.swift; sourceTree = "<group>"; };
		534B74382AC887AD0048AC28 /* LoginViewModel.swift */ = {isa = PBXFileReference; lastKnownFileType = sourcecode.swift; path = LoginViewModel.swift; sourceTree = "<group>"; };
		534B743A2AC8EFAF0048AC28 /* UserLoginUseCase.swift */ = {isa = PBXFileReference; lastKnownFileType = sourcecode.swift; path = UserLoginUseCase.swift; sourceTree = "<group>"; };
		534B743C2AC8F0890048AC28 /* LoginError.swift */ = {isa = PBXFileReference; lastKnownFileType = sourcecode.swift; path = LoginError.swift; sourceTree = "<group>"; };
		534B74402AC91D540048AC28 /* String+Extension.swift */ = {isa = PBXFileReference; lastKnownFileType = sourcecode.swift; path = "String+Extension.swift"; sourceTree = "<group>"; };
		53F982192AC93E52001B0E58 /* EntryField.swift */ = {isa = PBXFileReference; lastKnownFileType = sourcecode.swift; path = EntryField.swift; sourceTree = "<group>"; };
		53F9821B2AC93E69001B0E58 /* SecureEntryField.swift */ = {isa = PBXFileReference; lastKnownFileType = sourcecode.swift; path = SecureEntryField.swift; sourceTree = "<group>"; };
		53F9821D2AC93E8C001B0E58 /* ResponsiveView.swift */ = {isa = PBXFileReference; lastKnownFileType = sourcecode.swift; path = ResponsiveView.swift; sourceTree = "<group>"; };
		53F982202AC9715A001B0E58 /* ListingView.swift */ = {isa = PBXFileReference; lastKnownFileType = sourcecode.swift; path = ListingView.swift; sourceTree = "<group>"; };
		53F982222AC9740C001B0E58 /* APIManager.swift */ = {isa = PBXFileReference; lastKnownFileType = sourcecode.swift; path = APIManager.swift; sourceTree = "<group>"; };
		53F982252AC9778B001B0E58 /* NetworkError.swift */ = {isa = PBXFileReference; lastKnownFileType = sourcecode.swift; path = NetworkError.swift; sourceTree = "<group>"; };
		53F982292AC97E97001B0E58 /* Config.xcconfig */ = {isa = PBXFileReference; lastKnownFileType = text.xcconfig; path = Config.xcconfig; sourceTree = "<group>"; };
		53F9822A2AC981EF001B0E58 /* Info.plist */ = {isa = PBXFileReference; lastKnownFileType = text.plist; path = Info.plist; sourceTree = "<group>"; };
		53F9822B2AC982CF001B0E58 /* ConfigurationManager.swift */ = {isa = PBXFileReference; lastKnownFileType = sourcecode.swift; path = ConfigurationManager.swift; sourceTree = "<group>"; };
		53F9822D2AC98690001B0E58 /* UserRepositoryAPIImpl.swift */ = {isa = PBXFileReference; lastKnownFileType = sourcecode.swift; path = UserRepositoryAPIImpl.swift; sourceTree = "<group>"; };
		53F9822F2AC986C6001B0E58 /* UserAPIRepository.swift */ = {isa = PBXFileReference; lastKnownFileType = sourcecode.swift; path = UserAPIRepository.swift; sourceTree = "<group>"; };
		53F982312AC98716001B0E58 /* UserAPIDataSource.swift */ = {isa = PBXFileReference; lastKnownFileType = sourcecode.swift; path = UserAPIDataSource.swift; sourceTree = "<group>"; };
		53F982342AC987BF001B0E58 /* ListDummyUserUseCase.swift */ = {isa = PBXFileReference; lastKnownFileType = sourcecode.swift; path = ListDummyUserUseCase.swift; sourceTree = "<group>"; };
		53F982382AC98A72001B0E58 /* APIDatasource.swift */ = {isa = PBXFileReference; lastKnownFileType = sourcecode.swift; path = APIDatasource.swift; sourceTree = "<group>"; };
		53F9823A2AC98B13001B0E58 /* UserAPI.swift */ = {isa = PBXFileReference; lastKnownFileType = sourcecode.swift; path = UserAPI.swift; sourceTree = "<group>"; };
		53F9823C2AC98B86001B0E58 /* DummyUser.swift */ = {isa = PBXFileReference; lastKnownFileType = sourcecode.swift; path = DummyUser.swift; sourceTree = "<group>"; };
		53F9823E2AC98F83001B0E58 /* UserAPIResponse.swift */ = {isa = PBXFileReference; lastKnownFileType = sourcecode.swift; path = UserAPIResponse.swift; sourceTree = "<group>"; };
		53F982402AC993CB001B0E58 /* DummyUserPage.swift */ = {isa = PBXFileReference; lastKnownFileType = sourcecode.swift; path = DummyUserPage.swift; sourceTree = "<group>"; };
		53F982442AC99611001B0E58 /* ListingViewModel.swift */ = {isa = PBXFileReference; lastKnownFileType = sourcecode.swift; path = ListingViewModel.swift; sourceTree = "<group>"; };
/* End PBXFileReference section */

/* Begin PBXFrameworksBuildPhase section */
		534B73632AC3BD6A0048AC28 /* Frameworks */ = {
			isa = PBXFrameworksBuildPhase;
			buildActionMask = 2147483647;
			files = (
				53F982482AC9AA33001B0E58 /* Kingfisher in Frameworks */,
				531274BC2ACA6F3900740D1D /* Factory in Frameworks */,
			);
			runOnlyForDeploymentPostprocessing = 0;
		};
		534B73752AC3BD6C0048AC28 /* Frameworks */ = {
			isa = PBXFrameworksBuildPhase;
			buildActionMask = 2147483647;
			files = (
				534B741C2AC6B13E0048AC28 /* Quick in Frameworks */,
				534B741F2AC6B1690048AC28 /* Nimble in Frameworks */,
			);
			runOnlyForDeploymentPostprocessing = 0;
		};
		534B737F2AC3BD6C0048AC28 /* Frameworks */ = {
			isa = PBXFrameworksBuildPhase;
			buildActionMask = 2147483647;
			files = (
			);
			runOnlyForDeploymentPostprocessing = 0;
		};
/* End PBXFrameworksBuildPhase section */

/* Begin PBXGroup section */
		531274B12AC9C20100740D1D /* ImagePicker */ = {
			isa = PBXGroup;
			children = (
				531274B22AC9C21200740D1D /* ImagePicker.swift */,
			);
			path = ImagePicker;
			sourceTree = "<group>";
		};
		531274BD2ACA713F00740D1D /* DI */ = {
			isa = PBXGroup;
			children = (
				531274BE2ACA719100740D1D /* ViewModelContainer.swift */,
			);
			path = DI;
			sourceTree = "<group>";
		};
		531274C02ACA870000740D1D /* Navigation */ = {
			isa = PBXGroup;
			children = (
				531274C12ACA871A00740D1D /* NavigationCoordinator.swift */,
			);
			path = Navigation;
			sourceTree = "<group>";
		};
		534B735D2AC3BD6A0048AC28 = {
			isa = PBXGroup;
			children = (
				53F982292AC97E97001B0E58 /* Config.xcconfig */,
				534B743E2AC91D390048AC28 /* Common */,
				534B73D42AC4283E0048AC28 /* Data */,
				534B73BF2AC412850048AC28 /* Domain */,
				534B73682AC3BD6A0048AC28 /* AppListing */,
				534B737B2AC3BD6C0048AC28 /* AppListingTests */,
				534B73852AC3BD6C0048AC28 /* AppListingUITests */,
				534B73672AC3BD6A0048AC28 /* Products */,
			);
			sourceTree = "<group>";
		};
		534B73672AC3BD6A0048AC28 /* Products */ = {
			isa = PBXGroup;
			children = (
				534B73662AC3BD6A0048AC28 /* AppListing.app */,
				534B73782AC3BD6C0048AC28 /* AppListingTests.xctest */,
				534B73822AC3BD6C0048AC28 /* AppListingUITests.xctest */,
			);
			name = Products;
			sourceTree = "<group>";
		};
		534B73682AC3BD6A0048AC28 /* AppListing */ = {
			isa = PBXGroup;
			children = (
				53F9822A2AC981EF001B0E58 /* Info.plist */,
				531274BD2ACA713F00740D1D /* DI */,
				53F982182AC93E2F001B0E58 /* CustomView */,
				531274C02ACA870000740D1D /* Navigation */,
				534B73A72AC400A90048AC28 /* Scenes */,
				534B73692AC3BD6A0048AC28 /* AppListingApp.swift */,
				534B736B2AC3BD6A0048AC28 /* ContentView.swift */,
				534B736D2AC3BD6A0048AC28 /* Item.swift */,
				534B736F2AC3BD6C0048AC28 /* Assets.xcassets */,
				534B73712AC3BD6C0048AC28 /* Preview Content */,
			);
			path = AppListing;
			sourceTree = "<group>";
		};
		534B73712AC3BD6C0048AC28 /* Preview Content */ = {
			isa = PBXGroup;
			children = (
				534B73722AC3BD6C0048AC28 /* Preview Assets.xcassets */,
			);
			path = "Preview Content";
			sourceTree = "<group>";
		};
		534B737B2AC3BD6C0048AC28 /* AppListingTests */ = {
			isa = PBXGroup;
			children = (
				534B73C72AC412F20048AC28 /* UseCase */,
				534B737C2AC3BD6C0048AC28 /* AppListingTests.swift */,
			);
			path = AppListingTests;
			sourceTree = "<group>";
		};
		534B73852AC3BD6C0048AC28 /* AppListingUITests */ = {
			isa = PBXGroup;
			children = (
				534B73862AC3BD6C0048AC28 /* AppListingUITests.swift */,
				534B73882AC3BD6C0048AC28 /* AppListingUITestsLaunchTests.swift */,
			);
			path = AppListingUITests;
			sourceTree = "<group>";
		};
		534B73A72AC400A90048AC28 /* Scenes */ = {
			isa = PBXGroup;
			children = (
				531274B12AC9C20100740D1D /* ImagePicker */,
				53F9821F2AC97146001B0E58 /* Listing */,
				534B74352AC887910048AC28 /* Login */,
				534B74272AC7D1BB0048AC28 /* Registration */,
			);
			path = Scenes;
			sourceTree = "<group>";
		};
		534B73BF2AC412850048AC28 /* Domain */ = {
			isa = PBXGroup;
			children = (
				534B73F12AC51AC50048AC28 /* Repository */,
				534B73E12AC42B390048AC28 /* UseCases */,
				534B73D92AC4291A0048AC28 /* Model */,
			);
			path = Domain;
			sourceTree = "<group>";
		};
		534B73C02AC4128A0048AC28 /* Validations */ = {
			isa = PBXGroup;
			children = (
				534B73C52AC412D40048AC28 /* ValidationResult.swift */,
				534B74232AC7C2DD0048AC28 /* FieldValidationUseCase.swift */,
			);
			path = Validations;
			sourceTree = "<group>";
		};
		534B73C72AC412F20048AC28 /* UseCase */ = {
			isa = PBXGroup;
			children = (
			);
			path = UseCase;
			sourceTree = "<group>";
		};
		534B73D42AC4283E0048AC28 /* Data */ = {
			isa = PBXGroup;
			children = (
				534B73ED2AC519A40048AC28 /* Repository */,
				534B73D62AC428CE0048AC28 /* Datasource */,
			);
			path = Data;
			sourceTree = "<group>";
		};
		534B73D62AC428CE0048AC28 /* Datasource */ = {
			isa = PBXGroup;
			children = (
				534B73F72AC546650048AC28 /* SecureStorage */,
				534B73F62AC5465B0048AC28 /* API */,
				534B73D72AC428DC0048AC28 /* UserDataSource.swift */,
				53F982312AC98716001B0E58 /* UserAPIDataSource.swift */,
			);
			path = Datasource;
			sourceTree = "<group>";
		};
		534B73D92AC4291A0048AC28 /* Model */ = {
			isa = PBXGroup;
			children = (
				534B742B2AC7FA870048AC28 /* Errors */,
				534B73DA2AC429240048AC28 /* User.swift */,
				53F9823C2AC98B86001B0E58 /* DummyUser.swift */,
				53F982402AC993CB001B0E58 /* DummyUserPage.swift */,
				534B740D2AC638B30048AC28 /* DomainConvertible.swift */,
			);
			path = Model;
			sourceTree = "<group>";
		};
		534B73E12AC42B390048AC28 /* UseCases */ = {
			isa = PBXGroup;
			children = (
				53F982332AC987AD001B0E58 /* DummyUser */,
				534B74192AC648630048AC28 /* User */,
				534B73C02AC4128A0048AC28 /* Validations */,
				534B73E42AC4FBD80048AC28 /* UseCaseProvider.swift */,
			);
			path = UseCases;
			sourceTree = "<group>";
		};
		534B73ED2AC519A40048AC28 /* Repository */ = {
			isa = PBXGroup;
			children = (
				534B73EE2AC51A180048AC28 /* UserRepositoryImpl.swift */,
				53F9822D2AC98690001B0E58 /* UserRepositoryAPIImpl.swift */,
			);
			path = Repository;
			sourceTree = "<group>";
		};
		534B73F12AC51AC50048AC28 /* Repository */ = {
			isa = PBXGroup;
			children = (
				534B73F22AC51AEA0048AC28 /* UserRepository.swift */,
				53F9822F2AC986C6001B0E58 /* UserAPIRepository.swift */,
			);
			path = Repository;
			sourceTree = "<group>";
		};
		534B73F62AC5465B0048AC28 /* API */ = {
			isa = PBXGroup;
			children = (
				53F982422AC99585001B0E58 /* Models */,
				53F982222AC9740C001B0E58 /* APIManager.swift */,
				53F982382AC98A72001B0E58 /* APIDatasource.swift */,
			);
			path = API;
			sourceTree = "<group>";
		};
		534B73F72AC546650048AC28 /* SecureStorage */ = {
			isa = PBXGroup;
			children = (
				534B740A2AC628A40048AC28 /* UserSecureStorage.swift */,
				534B73F82AC5467F0048AC28 /* SecureStorageDatasource.swift */,
				534B74102AC6398D0048AC28 /* SecureStorageConvertible.swift */,
				534B73FC2AC54BA10048AC28 /* KeyChainManager.swift */,
			);
			path = SecureStorage;
			sourceTree = "<group>";
		};
		534B74192AC648630048AC28 /* User */ = {
			isa = PBXGroup;
			children = (
				534B73E22AC4FB280048AC28 /* UserRegistrationUseCase.swift */,
				534B743A2AC8EFAF0048AC28 /* UserLoginUseCase.swift */,
			);
			path = User;
			sourceTree = "<group>";
		};
		534B74272AC7D1BB0048AC28 /* Registration */ = {
			isa = PBXGroup;
			children = (
				534B73A82AC400CB0048AC28 /* RegistrationView.swift */,
				534B74282AC7D1FF0048AC28 /* RegistrationViewModel.swift */,
			);
			path = Registration;
			sourceTree = "<group>";
		};
		534B742B2AC7FA870048AC28 /* Errors */ = {
			isa = PBXGroup;
			children = (
				53F982252AC9778B001B0E58 /* NetworkError.swift */,
				534B742C2AC7FA940048AC28 /* RegistrationError.swift */,
				534B742F2AC7FAC60048AC28 /* UserValidationError.swift */,
				534B743C2AC8F0890048AC28 /* LoginError.swift */,
			);
			path = Errors;
			sourceTree = "<group>";
		};
		534B74352AC887910048AC28 /* Login */ = {
			isa = PBXGroup;
			children = (
				534B74362AC887A20048AC28 /* LoginView.swift */,
				534B74382AC887AD0048AC28 /* LoginViewModel.swift */,
			);
			path = Login;
			sourceTree = "<group>";
		};
		534B743E2AC91D390048AC28 /* Common */ = {
			isa = PBXGroup;
			children = (
				534B743F2AC91D3E0048AC28 /* Utils */,
			);
			path = Common;
			sourceTree = "<group>";
		};
		534B743F2AC91D3E0048AC28 /* Utils */ = {
			isa = PBXGroup;
			children = (
				534B74402AC91D540048AC28 /* String+Extension.swift */,
				53F9822B2AC982CF001B0E58 /* ConfigurationManager.swift */,
			);
			path = Utils;
			sourceTree = "<group>";
		};
		53F982182AC93E2F001B0E58 /* CustomView */ = {
			isa = PBXGroup;
			children = (
				53F982192AC93E52001B0E58 /* EntryField.swift */,
				53F9821B2AC93E69001B0E58 /* SecureEntryField.swift */,
				53F9821D2AC93E8C001B0E58 /* ResponsiveView.swift */,
				531274B62ACA45A500740D1D /* ActivityIndicator.swift */,
			);
			path = CustomView;
			sourceTree = "<group>";
		};
		53F9821F2AC97146001B0E58 /* Listing */ = {
			isa = PBXGroup;
			children = (
				53F982202AC9715A001B0E58 /* ListingView.swift */,
				53F982442AC99611001B0E58 /* ListingViewModel.swift */,
				531274B82ACA45CC00740D1D /* ListingRowView.swift */,
			);
			path = Listing;
			sourceTree = "<group>";
		};
		53F982332AC987AD001B0E58 /* DummyUser */ = {
			isa = PBXGroup;
			children = (
				53F982342AC987BF001B0E58 /* ListDummyUserUseCase.swift */,
			);
			path = DummyUser;
			sourceTree = "<group>";
		};
		53F982422AC99585001B0E58 /* Models */ = {
			isa = PBXGroup;
			children = (
				53F9823A2AC98B13001B0E58 /* UserAPI.swift */,
				53F9823E2AC98F83001B0E58 /* UserAPIResponse.swift */,
			);
			path = Models;
			sourceTree = "<group>";
		};
/* End PBXGroup section */

/* Begin PBXNativeTarget section */
		534B73652AC3BD6A0048AC28 /* AppListing */ = {
			isa = PBXNativeTarget;
			buildConfigurationList = 534B738C2AC3BD6C0048AC28 /* Build configuration list for PBXNativeTarget "AppListing" */;
			buildPhases = (
				534B73622AC3BD6A0048AC28 /* Sources */,
				534B73632AC3BD6A0048AC28 /* Frameworks */,
				534B73642AC3BD6A0048AC28 /* Resources */,
			);
			buildRules = (
			);
			dependencies = (
			);
			name = AppListing;
			packageProductDependencies = (
				53F982472AC9AA33001B0E58 /* Kingfisher */,
				531274BB2ACA6F3900740D1D /* Factory */,
			);
			productName = AppListing;
			productReference = 534B73662AC3BD6A0048AC28 /* AppListing.app */;
			productType = "com.apple.product-type.application";
		};
		534B73772AC3BD6C0048AC28 /* AppListingTests */ = {
			isa = PBXNativeTarget;
			buildConfigurationList = 534B738F2AC3BD6C0048AC28 /* Build configuration list for PBXNativeTarget "AppListingTests" */;
			buildPhases = (
				534B73742AC3BD6C0048AC28 /* Sources */,
				534B73752AC3BD6C0048AC28 /* Frameworks */,
				534B73762AC3BD6C0048AC28 /* Resources */,
			);
			buildRules = (
			);
			dependencies = (
				534B737A2AC3BD6C0048AC28 /* PBXTargetDependency */,
			);
			name = AppListingTests;
			packageProductDependencies = (
				534B741B2AC6B13E0048AC28 /* Quick */,
				534B741E2AC6B1690048AC28 /* Nimble */,
			);
			productName = AppListingTests;
			productReference = 534B73782AC3BD6C0048AC28 /* AppListingTests.xctest */;
			productType = "com.apple.product-type.bundle.unit-test";
		};
		534B73812AC3BD6C0048AC28 /* AppListingUITests */ = {
			isa = PBXNativeTarget;
			buildConfigurationList = 534B73922AC3BD6C0048AC28 /* Build configuration list for PBXNativeTarget "AppListingUITests" */;
			buildPhases = (
				534B737E2AC3BD6C0048AC28 /* Sources */,
				534B737F2AC3BD6C0048AC28 /* Frameworks */,
				534B73802AC3BD6C0048AC28 /* Resources */,
			);
			buildRules = (
			);
			dependencies = (
				534B73842AC3BD6C0048AC28 /* PBXTargetDependency */,
			);
			name = AppListingUITests;
			productName = AppListingUITests;
			productReference = 534B73822AC3BD6C0048AC28 /* AppListingUITests.xctest */;
			productType = "com.apple.product-type.bundle.ui-testing";
		};
/* End PBXNativeTarget section */

/* Begin PBXProject section */
		534B735E2AC3BD6A0048AC28 /* Project object */ = {
			isa = PBXProject;
			attributes = {
				BuildIndependentTargetsInParallel = 1;
				LastSwiftUpdateCheck = 1500;
				LastUpgradeCheck = 1500;
				TargetAttributes = {
					534B73652AC3BD6A0048AC28 = {
						CreatedOnToolsVersion = 15.0;
					};
					534B73772AC3BD6C0048AC28 = {
						CreatedOnToolsVersion = 15.0;
						TestTargetID = 534B73652AC3BD6A0048AC28;
					};
					534B73812AC3BD6C0048AC28 = {
						CreatedOnToolsVersion = 15.0;
						TestTargetID = 534B73652AC3BD6A0048AC28;
					};
				};
			};
			buildConfigurationList = 534B73612AC3BD6A0048AC28 /* Build configuration list for PBXProject "AppListing" */;
			compatibilityVersion = "Xcode 14.0";
			developmentRegion = en;
			hasScannedForEncodings = 0;
			knownRegions = (
				en,
				Base,
			);
			mainGroup = 534B735D2AC3BD6A0048AC28;
			packageReferences = (
				534B741A2AC6B13E0048AC28 /* XCRemoteSwiftPackageReference "Quick" */,
				534B741D2AC6B1690048AC28 /* XCRemoteSwiftPackageReference "Nimble" */,
				53F982462AC9AA33001B0E58 /* XCRemoteSwiftPackageReference "Kingfisher" */,
				531274BA2ACA6F3800740D1D /* XCRemoteSwiftPackageReference "Factory" */,
			);
			productRefGroup = 534B73672AC3BD6A0048AC28 /* Products */;
			projectDirPath = "";
			projectRoot = "";
			targets = (
				534B73652AC3BD6A0048AC28 /* AppListing */,
				534B73772AC3BD6C0048AC28 /* AppListingTests */,
				534B73812AC3BD6C0048AC28 /* AppListingUITests */,
			);
		};
/* End PBXProject section */

/* Begin PBXResourcesBuildPhase section */
		534B73642AC3BD6A0048AC28 /* Resources */ = {
			isa = PBXResourcesBuildPhase;
			buildActionMask = 2147483647;
			files = (
				534B73732AC3BD6C0048AC28 /* Preview Assets.xcassets in Resources */,
				534B73702AC3BD6C0048AC28 /* Assets.xcassets in Resources */,
			);
			runOnlyForDeploymentPostprocessing = 0;
		};
		534B73762AC3BD6C0048AC28 /* Resources */ = {
			isa = PBXResourcesBuildPhase;
			buildActionMask = 2147483647;
			files = (
			);
			runOnlyForDeploymentPostprocessing = 0;
		};
		534B73802AC3BD6C0048AC28 /* Resources */ = {
			isa = PBXResourcesBuildPhase;
			buildActionMask = 2147483647;
			files = (
			);
			runOnlyForDeploymentPostprocessing = 0;
		};
/* End PBXResourcesBuildPhase section */

/* Begin PBXSourcesBuildPhase section */
		534B73622AC3BD6A0048AC28 /* Sources */ = {
			isa = PBXSourcesBuildPhase;
			buildActionMask = 2147483647;
			files = (
				531274C22ACA871A00740D1D /* NavigationCoordinator.swift in Sources */,
				53F9821A2AC93E52001B0E58 /* EntryField.swift in Sources */,
				534B73EF2AC51A180048AC28 /* UserRepositoryImpl.swift in Sources */,
				534B74292AC7D1FF0048AC28 /* RegistrationViewModel.swift in Sources */,
				531274B32AC9C21200740D1D /* ImagePicker.swift in Sources */,
				534B736C2AC3BD6A0048AC28 /* ContentView.swift in Sources */,
				534B743B2AC8EFAF0048AC28 /* UserLoginUseCase.swift in Sources */,
				53F982232AC9740C001B0E58 /* APIManager.swift in Sources */,
				53F9822C2AC982CF001B0E58 /* ConfigurationManager.swift in Sources */,
				53F9823B2AC98B13001B0E58 /* UserAPI.swift in Sources */,
				531274B92ACA45CC00740D1D /* ListingRowView.swift in Sources */,
				534B742D2AC7FA940048AC28 /* RegistrationError.swift in Sources */,
				53F982452AC99611001B0E58 /* ListingViewModel.swift in Sources */,
				534B736E2AC3BD6A0048AC28 /* Item.swift in Sources */,
				534B740E2AC638B30048AC28 /* DomainConvertible.swift in Sources */,
				534B736A2AC3BD6A0048AC28 /* AppListingApp.swift in Sources */,
				53F9822E2AC98690001B0E58 /* UserRepositoryAPIImpl.swift in Sources */,
				534B73C62AC412D40048AC28 /* ValidationResult.swift in Sources */,
				53F9823F2AC98F83001B0E58 /* UserAPIResponse.swift in Sources */,
				53F9821C2AC93E69001B0E58 /* SecureEntryField.swift in Sources */,
				53F9821E2AC93E8C001B0E58 /* ResponsiveView.swift in Sources */,
				534B73FD2AC54BA10048AC28 /* KeyChainManager.swift in Sources */,
				534B74302AC7FAC60048AC28 /* UserValidationError.swift in Sources */,
				534B74242AC7C2DD0048AC28 /* FieldValidationUseCase.swift in Sources */,
				534B74082AC55FE10048AC28 /* UserRegistrationUseCase.swift in Sources */,
				531274BF2ACA719100740D1D /* ViewModelContainer.swift in Sources */,
				534B74412AC91D540048AC28 /* String+Extension.swift in Sources */,
				53F982412AC993CB001B0E58 /* DummyUserPage.swift in Sources */,
				534B740B2AC628A40048AC28 /* UserSecureStorage.swift in Sources */,
				534B743D2AC8F0890048AC28 /* LoginError.swift in Sources */,
				534B73F92AC5467F0048AC28 /* SecureStorageDatasource.swift in Sources */,
				53F982352AC987BF001B0E58 /* ListDummyUserUseCase.swift in Sources */,
				534B73F32AC51AEA0048AC28 /* UserRepository.swift in Sources */,
				534B73FB2AC54B510048AC28 /* UserDataSource.swift in Sources */,
				53F982262AC9778B001B0E58 /* NetworkError.swift in Sources */,
				53F982302AC986C6001B0E58 /* UserAPIRepository.swift in Sources */,
				53F982212AC9715A001B0E58 /* ListingView.swift in Sources */,
				534B73A92AC400CB0048AC28 /* RegistrationView.swift in Sources */,
				534B74112AC6398D0048AC28 /* SecureStorageConvertible.swift in Sources */,
				53F982392AC98A72001B0E58 /* APIDatasource.swift in Sources */,
				531274B72ACA45A500740D1D /* ActivityIndicator.swift in Sources */,
				53F982322AC98716001B0E58 /* UserAPIDataSource.swift in Sources */,
				534B74372AC887A20048AC28 /* LoginView.swift in Sources */,
				534B73F52AC51BCD0048AC28 /* User.swift in Sources */,
				53F9823D2AC98B86001B0E58 /* DummyUser.swift in Sources */,
				534B74392AC887AD0048AC28 /* LoginViewModel.swift in Sources */,
			);
			runOnlyForDeploymentPostprocessing = 0;
		};
		534B73742AC3BD6C0048AC28 /* Sources */ = {
			isa = PBXSourcesBuildPhase;
			buildActionMask = 2147483647;
			files = (
				534B73F02AC51A180048AC28 /* UserRepositoryImpl.swift in Sources */,
				534B74252AC7C2DD0048AC28 /* FieldValidationUseCase.swift in Sources */,
				534B73D82AC428DC0048AC28 /* UserDataSource.swift in Sources */,
				534B73E52AC4FBD80048AC28 /* UseCaseProvider.swift in Sources */,
				534B737D2AC3BD6C0048AC28 /* AppListingTests.swift in Sources */,
				534B740C2AC628A40048AC28 /* UserSecureStorage.swift in Sources */,
				534B73FE2AC54BA10048AC28 /* KeyChainManager.swift in Sources */,
				534B74122AC6398D0048AC28 /* SecureStorageConvertible.swift in Sources */,
				534B742A2AC7D1FF0048AC28 /* RegistrationViewModel.swift in Sources */,
				534B740F2AC638B30048AC28 /* DomainConvertible.swift in Sources */,
				534B742E2AC7FA940048AC28 /* RegistrationError.swift in Sources */,
				534B74312AC7FAC60048AC28 /* UserValidationError.swift in Sources */,
				534B73CB2AC413120048AC28 /* ValidationResult.swift in Sources */,
				534B73F42AC51AEA0048AC28 /* UserRepository.swift in Sources */,
				534B73DB2AC429240048AC28 /* User.swift in Sources */,
				534B73FA2AC5467F0048AC28 /* SecureStorageDatasource.swift in Sources */,
				534B73E32AC4FB280048AC28 /* UserRegistrationUseCase.swift in Sources */,
			);
			runOnlyForDeploymentPostprocessing = 0;
		};
		534B737E2AC3BD6C0048AC28 /* Sources */ = {
			isa = PBXSourcesBuildPhase;
			buildActionMask = 2147483647;
			files = (
				534B73872AC3BD6C0048AC28 /* AppListingUITests.swift in Sources */,
				534B73892AC3BD6C0048AC28 /* AppListingUITestsLaunchTests.swift in Sources */,
			);
			runOnlyForDeploymentPostprocessing = 0;
		};
/* End PBXSourcesBuildPhase section */

/* Begin PBXTargetDependency section */
		534B737A2AC3BD6C0048AC28 /* PBXTargetDependency */ = {
			isa = PBXTargetDependency;
			target = 534B73652AC3BD6A0048AC28 /* AppListing */;
			targetProxy = 534B73792AC3BD6C0048AC28 /* PBXContainerItemProxy */;
		};
		534B73842AC3BD6C0048AC28 /* PBXTargetDependency */ = {
			isa = PBXTargetDependency;
			target = 534B73652AC3BD6A0048AC28 /* AppListing */;
			targetProxy = 534B73832AC3BD6C0048AC28 /* PBXContainerItemProxy */;
		};
/* End PBXTargetDependency section */

/* Begin XCBuildConfiguration section */
		534B738A2AC3BD6C0048AC28 /* Debug */ = {
			isa = XCBuildConfiguration;
			baseConfigurationReference = 53F982292AC97E97001B0E58 /* Config.xcconfig */;
			buildSettings = {
				ALWAYS_SEARCH_USER_PATHS = NO;
				ASSETCATALOG_COMPILER_GENERATE_SWIFT_ASSET_SYMBOL_EXTENSIONS = YES;
				CLANG_ANALYZER_NONNULL = YES;
				CLANG_ANALYZER_NUMBER_OBJECT_CONVERSION = YES_AGGRESSIVE;
				CLANG_CXX_LANGUAGE_STANDARD = "gnu++20";
				CLANG_ENABLE_MODULES = YES;
				CLANG_ENABLE_OBJC_ARC = YES;
				CLANG_ENABLE_OBJC_WEAK = YES;
				CLANG_WARN_BLOCK_CAPTURE_AUTORELEASING = YES;
				CLANG_WARN_BOOL_CONVERSION = YES;
				CLANG_WARN_COMMA = YES;
				CLANG_WARN_CONSTANT_CONVERSION = YES;
				CLANG_WARN_DEPRECATED_OBJC_IMPLEMENTATIONS = YES;
				CLANG_WARN_DIRECT_OBJC_ISA_USAGE = YES_ERROR;
				CLANG_WARN_DOCUMENTATION_COMMENTS = YES;
				CLANG_WARN_EMPTY_BODY = YES;
				CLANG_WARN_ENUM_CONVERSION = YES;
				CLANG_WARN_INFINITE_RECURSION = YES;
				CLANG_WARN_INT_CONVERSION = YES;
				CLANG_WARN_NON_LITERAL_NULL_CONVERSION = YES;
				CLANG_WARN_OBJC_IMPLICIT_RETAIN_SELF = YES;
				CLANG_WARN_OBJC_LITERAL_CONVERSION = YES;
				CLANG_WARN_OBJC_ROOT_CLASS = YES_ERROR;
				CLANG_WARN_QUOTED_INCLUDE_IN_FRAMEWORK_HEADER = YES;
				CLANG_WARN_RANGE_LOOP_ANALYSIS = YES;
				CLANG_WARN_STRICT_PROTOTYPES = YES;
				CLANG_WARN_SUSPICIOUS_MOVE = YES;
				CLANG_WARN_UNGUARDED_AVAILABILITY = YES_AGGRESSIVE;
				CLANG_WARN_UNREACHABLE_CODE = YES;
				CLANG_WARN__DUPLICATE_METHOD_MATCH = YES;
				COPY_PHASE_STRIP = NO;
				DEBUG_INFORMATION_FORMAT = dwarf;
				ENABLE_STRICT_OBJC_MSGSEND = YES;
				ENABLE_TESTABILITY = YES;
				ENABLE_USER_SCRIPT_SANDBOXING = YES;
				GCC_C_LANGUAGE_STANDARD = gnu17;
				GCC_DYNAMIC_NO_PIC = NO;
				GCC_NO_COMMON_BLOCKS = YES;
				GCC_OPTIMIZATION_LEVEL = 0;
				GCC_PREPROCESSOR_DEFINITIONS = (
					"DEBUG=1",
					"$(inherited)",
				);
				GCC_WARN_64_TO_32_BIT_CONVERSION = YES;
				GCC_WARN_ABOUT_RETURN_TYPE = YES_ERROR;
				GCC_WARN_UNDECLARED_SELECTOR = YES;
				GCC_WARN_UNINITIALIZED_AUTOS = YES_AGGRESSIVE;
				GCC_WARN_UNUSED_FUNCTION = YES;
				GCC_WARN_UNUSED_VARIABLE = YES;
				IPHONEOS_DEPLOYMENT_TARGET = 17.0;
				LOCALIZATION_PREFERS_STRING_CATALOGS = YES;
				MTL_ENABLE_DEBUG_INFO = INCLUDE_SOURCE;
				MTL_FAST_MATH = YES;
				ONLY_ACTIVE_ARCH = YES;
				SDKROOT = iphoneos;
				SWIFT_ACTIVE_COMPILATION_CONDITIONS = "DEBUG $(inherited)";
				SWIFT_OPTIMIZATION_LEVEL = "-Onone";
			};
			name = Debug;
		};
		534B738B2AC3BD6C0048AC28 /* Release */ = {
			isa = XCBuildConfiguration;
			baseConfigurationReference = 53F982292AC97E97001B0E58 /* Config.xcconfig */;
			buildSettings = {
				ALWAYS_SEARCH_USER_PATHS = NO;
				ASSETCATALOG_COMPILER_GENERATE_SWIFT_ASSET_SYMBOL_EXTENSIONS = YES;
				CLANG_ANALYZER_NONNULL = YES;
				CLANG_ANALYZER_NUMBER_OBJECT_CONVERSION = YES_AGGRESSIVE;
				CLANG_CXX_LANGUAGE_STANDARD = "gnu++20";
				CLANG_ENABLE_MODULES = YES;
				CLANG_ENABLE_OBJC_ARC = YES;
				CLANG_ENABLE_OBJC_WEAK = YES;
				CLANG_WARN_BLOCK_CAPTURE_AUTORELEASING = YES;
				CLANG_WARN_BOOL_CONVERSION = YES;
				CLANG_WARN_COMMA = YES;
				CLANG_WARN_CONSTANT_CONVERSION = YES;
				CLANG_WARN_DEPRECATED_OBJC_IMPLEMENTATIONS = YES;
				CLANG_WARN_DIRECT_OBJC_ISA_USAGE = YES_ERROR;
				CLANG_WARN_DOCUMENTATION_COMMENTS = YES;
				CLANG_WARN_EMPTY_BODY = YES;
				CLANG_WARN_ENUM_CONVERSION = YES;
				CLANG_WARN_INFINITE_RECURSION = YES;
				CLANG_WARN_INT_CONVERSION = YES;
				CLANG_WARN_NON_LITERAL_NULL_CONVERSION = YES;
				CLANG_WARN_OBJC_IMPLICIT_RETAIN_SELF = YES;
				CLANG_WARN_OBJC_LITERAL_CONVERSION = YES;
				CLANG_WARN_OBJC_ROOT_CLASS = YES_ERROR;
				CLANG_WARN_QUOTED_INCLUDE_IN_FRAMEWORK_HEADER = YES;
				CLANG_WARN_RANGE_LOOP_ANALYSIS = YES;
				CLANG_WARN_STRICT_PROTOTYPES = YES;
				CLANG_WARN_SUSPICIOUS_MOVE = YES;
				CLANG_WARN_UNGUARDED_AVAILABILITY = YES_AGGRESSIVE;
				CLANG_WARN_UNREACHABLE_CODE = YES;
				CLANG_WARN__DUPLICATE_METHOD_MATCH = YES;
				COPY_PHASE_STRIP = NO;
				DEBUG_INFORMATION_FORMAT = "dwarf-with-dsym";
				ENABLE_NS_ASSERTIONS = NO;
				ENABLE_STRICT_OBJC_MSGSEND = YES;
				ENABLE_USER_SCRIPT_SANDBOXING = YES;
				GCC_C_LANGUAGE_STANDARD = gnu17;
				GCC_NO_COMMON_BLOCKS = YES;
				GCC_WARN_64_TO_32_BIT_CONVERSION = YES;
				GCC_WARN_ABOUT_RETURN_TYPE = YES_ERROR;
				GCC_WARN_UNDECLARED_SELECTOR = YES;
				GCC_WARN_UNINITIALIZED_AUTOS = YES_AGGRESSIVE;
				GCC_WARN_UNUSED_FUNCTION = YES;
				GCC_WARN_UNUSED_VARIABLE = YES;
				IPHONEOS_DEPLOYMENT_TARGET = 17.0;
				LOCALIZATION_PREFERS_STRING_CATALOGS = YES;
				MTL_ENABLE_DEBUG_INFO = NO;
				MTL_FAST_MATH = YES;
				SDKROOT = iphoneos;
				SWIFT_COMPILATION_MODE = wholemodule;
				VALIDATE_PRODUCT = YES;
			};
			name = Release;
		};
		534B738D2AC3BD6C0048AC28 /* Debug */ = {
			isa = XCBuildConfiguration;
			baseConfigurationReference = 53F982292AC97E97001B0E58 /* Config.xcconfig */;
			buildSettings = {
				ASSETCATALOG_COMPILER_APPICON_NAME = AppIcon;
				ASSETCATALOG_COMPILER_GLOBAL_ACCENT_COLOR_NAME = AccentColor;
				CODE_SIGN_STYLE = Automatic;
				CURRENT_PROJECT_VERSION = 1;
				DEVELOPMENT_ASSET_PATHS = "\"AppListing/Preview Content\"";
				DEVELOPMENT_TEAM = 5U5SX82NR9;
				ENABLE_PREVIEWS = YES;
				GENERATE_INFOPLIST_FILE = YES;
				INFOPLIST_FILE = AppListing/Info.plist;
				INFOPLIST_KEY_CFBundleDisplayName = "";
				INFOPLIST_KEY_LSApplicationCategoryType = "";
				INFOPLIST_KEY_UIApplicationSceneManifest_Generation = YES;
				INFOPLIST_KEY_UIApplicationSupportsIndirectInputEvents = YES;
				INFOPLIST_KEY_UILaunchScreen_Generation = YES;
				INFOPLIST_KEY_UISupportedInterfaceOrientations_iPad = "UIInterfaceOrientationPortrait UIInterfaceOrientationPortraitUpsideDown UIInterfaceOrientationLandscapeLeft UIInterfaceOrientationLandscapeRight";
				INFOPLIST_KEY_UISupportedInterfaceOrientations_iPhone = "UIInterfaceOrientationPortrait UIInterfaceOrientationLandscapeLeft UIInterfaceOrientationLandscapeRight";
				LD_RUNPATH_SEARCH_PATHS = (
					"$(inherited)",
					"@executable_path/Frameworks",
				);
				MARKETING_VERSION = 1.0;
				PRODUCT_BUNDLE_IDENTIFIER = com.markcadag.AppListing;
				PRODUCT_NAME = "$(TARGET_NAME)";
				SWIFT_EMIT_LOC_STRINGS = YES;
				SWIFT_VERSION = 5.0;
				TARGETED_DEVICE_FAMILY = "1,2";
			};
			name = Debug;
		};
		534B738E2AC3BD6C0048AC28 /* Release */ = {
			isa = XCBuildConfiguration;
			baseConfigurationReference = 53F982292AC97E97001B0E58 /* Config.xcconfig */;
			buildSettings = {
				ASSETCATALOG_COMPILER_APPICON_NAME = AppIcon;
				ASSETCATALOG_COMPILER_GLOBAL_ACCENT_COLOR_NAME = AccentColor;
				CODE_SIGN_STYLE = Automatic;
				CURRENT_PROJECT_VERSION = 1;
				DEVELOPMENT_ASSET_PATHS = "\"AppListing/Preview Content\"";
				DEVELOPMENT_TEAM = 5U5SX82NR9;
				ENABLE_PREVIEWS = YES;
				GENERATE_INFOPLIST_FILE = YES;
				INFOPLIST_FILE = AppListing/Info.plist;
				INFOPLIST_KEY_CFBundleDisplayName = "";
				INFOPLIST_KEY_LSApplicationCategoryType = "";
				INFOPLIST_KEY_UIApplicationSceneManifest_Generation = YES;
				INFOPLIST_KEY_UIApplicationSupportsIndirectInputEvents = YES;
				INFOPLIST_KEY_UILaunchScreen_Generation = YES;
				INFOPLIST_KEY_UISupportedInterfaceOrientations_iPad = "UIInterfaceOrientationPortrait UIInterfaceOrientationPortraitUpsideDown UIInterfaceOrientationLandscapeLeft UIInterfaceOrientationLandscapeRight";
				INFOPLIST_KEY_UISupportedInterfaceOrientations_iPhone = "UIInterfaceOrientationPortrait UIInterfaceOrientationLandscapeLeft UIInterfaceOrientationLandscapeRight";
				LD_RUNPATH_SEARCH_PATHS = (
					"$(inherited)",
					"@executable_path/Frameworks",
				);
				MARKETING_VERSION = 1.0;
				PRODUCT_BUNDLE_IDENTIFIER = com.markcadag.AppListing;
				PRODUCT_NAME = "$(TARGET_NAME)";
				SWIFT_EMIT_LOC_STRINGS = YES;
				SWIFT_VERSION = 5.0;
				TARGETED_DEVICE_FAMILY = "1,2";
			};
			name = Release;
		};
		534B73902AC3BD6C0048AC28 /* Debug */ = {
			isa = XCBuildConfiguration;
			baseConfigurationReference = 53F982292AC97E97001B0E58 /* Config.xcconfig */;
			buildSettings = {
				ALWAYS_EMBED_SWIFT_STANDARD_LIBRARIES = YES;
				BUNDLE_LOADER = "$(TEST_HOST)";
				CODE_SIGN_STYLE = Automatic;
				CURRENT_PROJECT_VERSION = 1;
				DEVELOPMENT_TEAM = 5U5SX82NR9;
				GENERATE_INFOPLIST_FILE = YES;
				IPHONEOS_DEPLOYMENT_TARGET = 17.0;
				MARKETING_VERSION = 1.0;
				PRODUCT_BUNDLE_IDENTIFIER = com.markcadag.AppListingTests;
				PRODUCT_NAME = "$(TARGET_NAME)";
				SWIFT_EMIT_LOC_STRINGS = NO;
				SWIFT_VERSION = 5.0;
				TARGETED_DEVICE_FAMILY = "1,2";
				TEST_HOST = "$(BUILT_PRODUCTS_DIR)/AppListing.app/$(BUNDLE_EXECUTABLE_FOLDER_PATH)/AppListing";
			};
			name = Debug;
		};
		534B73912AC3BD6C0048AC28 /* Release */ = {
			isa = XCBuildConfiguration;
			baseConfigurationReference = 53F982292AC97E97001B0E58 /* Config.xcconfig */;
			buildSettings = {
				ALWAYS_EMBED_SWIFT_STANDARD_LIBRARIES = YES;
				BUNDLE_LOADER = "$(TEST_HOST)";
				CODE_SIGN_STYLE = Automatic;
				CURRENT_PROJECT_VERSION = 1;
				DEVELOPMENT_TEAM = 5U5SX82NR9;
				GENERATE_INFOPLIST_FILE = YES;
				IPHONEOS_DEPLOYMENT_TARGET = 17.0;
				MARKETING_VERSION = 1.0;
				PRODUCT_BUNDLE_IDENTIFIER = com.markcadag.AppListingTests;
				PRODUCT_NAME = "$(TARGET_NAME)";
				SWIFT_EMIT_LOC_STRINGS = NO;
				SWIFT_VERSION = 5.0;
				TARGETED_DEVICE_FAMILY = "1,2";
				TEST_HOST = "$(BUILT_PRODUCTS_DIR)/AppListing.app/$(BUNDLE_EXECUTABLE_FOLDER_PATH)/AppListing";
			};
			name = Release;
		};
		534B73932AC3BD6C0048AC28 /* Debug */ = {
			isa = XCBuildConfiguration;
			baseConfigurationReference = 53F982292AC97E97001B0E58 /* Config.xcconfig */;
			buildSettings = {
				ALWAYS_EMBED_SWIFT_STANDARD_LIBRARIES = YES;
				CODE_SIGN_STYLE = Automatic;
				CURRENT_PROJECT_VERSION = 1;
				DEVELOPMENT_TEAM = 5U5SX82NR9;
				GENERATE_INFOPLIST_FILE = YES;
				MARKETING_VERSION = 1.0;
				PRODUCT_BUNDLE_IDENTIFIER = com.markcadag.AppListingUITests;
				PRODUCT_NAME = "$(TARGET_NAME)";
				SWIFT_EMIT_LOC_STRINGS = NO;
				SWIFT_VERSION = 5.0;
				TARGETED_DEVICE_FAMILY = "1,2";
				TEST_TARGET_NAME = AppListing;
			};
			name = Debug;
		};
		534B73942AC3BD6C0048AC28 /* Release */ = {
			isa = XCBuildConfiguration;
			baseConfigurationReference = 53F982292AC97E97001B0E58 /* Config.xcconfig */;
			buildSettings = {
				ALWAYS_EMBED_SWIFT_STANDARD_LIBRARIES = YES;
				CODE_SIGN_STYLE = Automatic;
				CURRENT_PROJECT_VERSION = 1;
				DEVELOPMENT_TEAM = 5U5SX82NR9;
				GENERATE_INFOPLIST_FILE = YES;
				MARKETING_VERSION = 1.0;
				PRODUCT_BUNDLE_IDENTIFIER = com.markcadag.AppListingUITests;
				PRODUCT_NAME = "$(TARGET_NAME)";
				SWIFT_EMIT_LOC_STRINGS = NO;
				SWIFT_VERSION = 5.0;
				TARGETED_DEVICE_FAMILY = "1,2";
				TEST_TARGET_NAME = AppListing;
			};
			name = Release;
		};
/* End XCBuildConfiguration section */

/* Begin XCConfigurationList section */
		534B73612AC3BD6A0048AC28 /* Build configuration list for PBXProject "AppListing" */ = {
			isa = XCConfigurationList;
			buildConfigurations = (
				534B738A2AC3BD6C0048AC28 /* Debug */,
				534B738B2AC3BD6C0048AC28 /* Release */,
			);
			defaultConfigurationIsVisible = 0;
			defaultConfigurationName = Release;
		};
		534B738C2AC3BD6C0048AC28 /* Build configuration list for PBXNativeTarget "AppListing" */ = {
			isa = XCConfigurationList;
			buildConfigurations = (
				534B738D2AC3BD6C0048AC28 /* Debug */,
				534B738E2AC3BD6C0048AC28 /* Release */,
			);
			defaultConfigurationIsVisible = 0;
			defaultConfigurationName = Release;
		};
		534B738F2AC3BD6C0048AC28 /* Build configuration list for PBXNativeTarget "AppListingTests" */ = {
			isa = XCConfigurationList;
			buildConfigurations = (
				534B73902AC3BD6C0048AC28 /* Debug */,
				534B73912AC3BD6C0048AC28 /* Release */,
			);
			defaultConfigurationIsVisible = 0;
			defaultConfigurationName = Release;
		};
		534B73922AC3BD6C0048AC28 /* Build configuration list for PBXNativeTarget "AppListingUITests" */ = {
			isa = XCConfigurationList;
			buildConfigurations = (
				534B73932AC3BD6C0048AC28 /* Debug */,
				534B73942AC3BD6C0048AC28 /* Release */,
			);
			defaultConfigurationIsVisible = 0;
			defaultConfigurationName = Release;
		};
/* End XCConfigurationList section */

/* Begin XCRemoteSwiftPackageReference section */
		531274BA2ACA6F3800740D1D /* XCRemoteSwiftPackageReference "Factory" */ = {
			isa = XCRemoteSwiftPackageReference;
			repositoryURL = "https://github.com/hmlongco/Factory";
			requirement = {
				kind = upToNextMajorVersion;
				minimumVersion = 2.3.0;
			};
		};
		534B741A2AC6B13E0048AC28 /* XCRemoteSwiftPackageReference "Quick" */ = {
			isa = XCRemoteSwiftPackageReference;
			repositoryURL = "https://github.com/Quick/Quick.git";
			requirement = {
				branch = main;
				kind = branch;
			};
		};
		534B741D2AC6B1690048AC28 /* XCRemoteSwiftPackageReference "Nimble" */ = {
			isa = XCRemoteSwiftPackageReference;
			repositoryURL = "https://github.com/Quick/Nimble.git";
			requirement = {
				branch = main;
				kind = branch;
			};
		};
		53F982462AC9AA33001B0E58 /* XCRemoteSwiftPackageReference "Kingfisher" */ = {
			isa = XCRemoteSwiftPackageReference;
			repositoryURL = "https://github.com/onevcat/Kingfisher.git";
			requirement = {
				kind = upToNextMajorVersion;
				minimumVersion = 7.9.1;
			};
		};
/* End XCRemoteSwiftPackageReference section */

/* Begin XCSwiftPackageProductDependency section */
		531274BB2ACA6F3900740D1D /* Factory */ = {
			isa = XCSwiftPackageProductDependency;
			package = 531274BA2ACA6F3800740D1D /* XCRemoteSwiftPackageReference "Factory" */;
			productName = Factory;
		};
		534B741B2AC6B13E0048AC28 /* Quick */ = {
			isa = XCSwiftPackageProductDependency;
			package = 534B741A2AC6B13E0048AC28 /* XCRemoteSwiftPackageReference "Quick" */;
			productName = Quick;
		};
		534B741E2AC6B1690048AC28 /* Nimble */ = {
			isa = XCSwiftPackageProductDependency;
			package = 534B741D2AC6B1690048AC28 /* XCRemoteSwiftPackageReference "Nimble" */;
			productName = Nimble;
		};
		53F982472AC9AA33001B0E58 /* Kingfisher */ = {
			isa = XCSwiftPackageProductDependency;
			package = 53F982462AC9AA33001B0E58 /* XCRemoteSwiftPackageReference "Kingfisher" */;
			productName = Kingfisher;
		};
/* End XCSwiftPackageProductDependency section */
	};
	rootObject = 534B735E2AC3BD6A0048AC28 /* Project object */;
}
